
Microsoft Visual Studio Solution File, Format Version 12.00
# Visual Studio Version 16
VisualStudioVersion = 16.0.31424.327
MinimumVisualStudioVersion = 10.0.40219.1
Project("{FAE04EC0-301F-11D3-BF4B-00C04F79EFBC}") = "AspNetCoreFilterPipeline", "AspNetCoreFilterPipeline\AspNetCoreFilterPipeline.csproj", "{1FAD7B7F-F283-4E05-AFEB-A296BCF46E99}"
EndProject
Global
	GlobalSection(SolutionConfigurationPlatforms) = preSolution
		Debug|Any CPU = Debug|Any CPU
		Release|Any CPU = Release|Any CPU
	EndGlobalSection
	GlobalSection(ProjectConfigurationPlatforms) = postSolution
		{1FAD7B7F-F283-4E05-AFEB-A296BCF46E99}.Debug|Any CPU.ActiveCfg = Debug|Any CPU
		{1FAD7B7F-F283-4E05-AFEB-A296BCF46E99}.Debug|Any CPU.Build.0 = Debug|Any CPU
		{1FAD7B7F-F283-4E05-AFEB-A296BCF46E99}.Release|Any CPU.ActiveCfg = Release|Any CPU
		{1FAD7B7F-F283-4E05-AFEB-A296BCF46E99}.Release|Any CPU.Build.0 = Release|Any CPU
	EndGlobalSection
	GlobalSection(SolutionProperties) = preSolution
		HideSolutionNode = FALSE
	EndGlobalSection
	GlobalSection(ExtensibilityGlobals) = postSolution
		SolutionGuid = {85B47F66-7609-4538-A1C7-AD848C2887F3}
	EndGlobalSection
EndGlobal
